# THIS IS AN AUTOGENERATED FILE. DO NOT EDIT THIS FILE DIRECTLY.
# yarn lockfile v1


"@xmldom/xmldom@^0.8.10":
  version "0.8.10"
  resolved "https://registry.npmmirror.com/@xmldom/xmldom/-/xmldom-0.8.10.tgz#a1337ca426aa61cef9fe15b5b28e340a72f6fa99"
  integrity sha512-2WALfTl4xo2SkGCYRt6rDTFfk9R1czmBvUQy12gK2KuRKIpWEhcbbzy8EZXtz/jkRqHX8bFEc6FC1HjX4TUWYw==

axios@^0.21.4:
  version "0.21.4"
  resolved "https://registry.npmmirror.com/axios/-/axios-0.21.4.tgz#c67b90dc0568e5c1cf2b0b858c43ba28e2eda575"
  integrity sha512-ut5vewkiu8jjGBdqpM44XxjuCjq9LAKeHVmoVfHVzy8eHgxxq8SbAVQNovDA8mVi05kP0Ea/n/UzcSHcTJQfNg==
  dependencies:
    follow-redirects "^1.14.0"

follow-redirects@^1.14.0:
  version "1.15.2"
  resolved "https://registry.npmmirror.com/follow-redirects/-/follow-redirects-1.15.2.tgz#b460864144ba63f2681096f274c4e57026da2c13"
  integrity sha512-VQLG33o04KaQ8uYi2tVNbdrWp1QWxNNea+nmIB4EVM28v0hmP17z7aG1+wAkNzVq4KeXTq3221ye5qTJP91JwA==

fs@^0.0.1-security:
  version "0.0.1-security"
  resolved "https://registry.npmmirror.com/fs/-/fs-0.0.1-security.tgz#8a7bd37186b6dddf3813f23858b57ecaaf5e41d4"
  integrity sha512-3XY9e1pP0CVEUCdj5BmfIZxRBTSDycnbqhIOGec9QYtmVH2fbLpj86CFWkrNOkt/Fvty4KZG5lTglL9j/gJ87w==

xpath@^0.0.33:
  version "0.0.33"
  resolved "https://registry.npmmirror.com/xpath/-/xpath-0.0.33.tgz#5136b6094227c5df92002e7c3a13516a5074eb07"
  integrity sha512-NNXnzrkDrAzalLhIUc01jO2mOzXGXh1JwPgkihcLLzw98c0WgYDmmjSh1Kl3wzaxSVWMuA+fe0WTWOBDWCBmNA==
